// !$*UTF8*$!
{
	archiveVersion = 1;
	classes = {
	};
	objectVersion = 56;
	objects = {

/* Begin PBXBuildFile section */
		C418A7012922335700E9EF1D /* ScrumdingerApp.swift in Sources */ = {isa = PBXBuildFile; fileRef = C418A7002922335700E9EF1D /* ScrumdingerApp.swift */; };
		C418A7032922335700E9EF1D /* MeetingView.swift in Sources */ = {isa = PBXBuildFile; fileRef = C418A7022922335700E9EF1D /* MeetingView.swift */; };
		C418A7052922335900E9EF1D /* Assets.xcassets in Resources */ = {isa = PBXBuildFile; fileRef = C418A7042922335900E9EF1D /* Assets.xcassets */; };
		C418A7082922335900E9EF1D /* Preview Assets.xcassets in Resources */ = {isa = PBXBuildFile; fileRef = C418A7072922335900E9EF1D /* Preview Assets.xcassets */; };
		C41E7AA0293D992700BFD73E /* ThemeView.swift in Sources */ = {isa = PBXBuildFile; fileRef = C41E7A9F293D992700BFD73E /* ThemeView.swift */; };
		C471DC912926209C00CC99F3 /* Theme.swift in Sources */ = {isa = PBXBuildFile; fileRef = C471DC902926209C00CC99F3 /* Theme.swift */; };
		C471DC932926F8BE00CC99F3 /* DailyScrum.swift in Sources */ = {isa = PBXBuildFile; fileRef = C471DC922926F8BE00CC99F3 /* DailyScrum.swift */; };
		C471DC952926FB8E00CC99F3 /* CardView.swift in Sources */ = {isa = PBXBuildFile; fileRef = C471DC942926FB8E00CC99F3 /* CardView.swift */; };
		C471DC972927236B00CC99F3 /* TrailingIconLabelStyle.swift in Sources */ = {isa = PBXBuildFile; fileRef = C471DC962927236B00CC99F3 /* TrailingIconLabelStyle.swift */; };
		C471DC9B2927576700CC99F3 /* ScrumsView.swift in Sources */ = {isa = PBXBuildFile; fileRef = C471DC9A2927576700CC99F3 /* ScrumsView.swift */; };
		C471DC9D293744D700CC99F3 /* DetailView.swift in Sources */ = {isa = PBXBuildFile; fileRef = C471DC9C293744D700CC99F3 /* DetailView.swift */; };
		C471DC9F2939B0DE00CC99F3 /* DetailEditView.swift in Sources */ = {isa = PBXBuildFile; fileRef = C471DC9E2939B0DE00CC99F3 /* DetailEditView.swift */; };
		C49CB40F2946DDF00049073F /* ding.wav in Resources */ = {isa = PBXBuildFile; fileRef = C49CB40E2946DDF00049073F /* ding.wav */; };
		C4D37B0B294C32E800440E8B /* History.swift in Sources */ = {isa = PBXBuildFile; fileRef = C4D37B0A294C32E800440E8B /* History.swift */; };
		C4D37B0D294C557700440E8B /* ScrumStore.swift in Sources */ = {isa = PBXBuildFile; fileRef = C4D37B0C294C557700440E8B /* ScrumStore.swift */; };
		C4D876372946C08600DD55D4 /* MeetingFooterView.swift in Sources */ = {isa = PBXBuildFile; fileRef = C4D876362946C08600DD55D4 /* MeetingFooterView.swift */; };
		C4D876392946D63B00DD55D4 /* AVPlayer+Ding.swift in Sources */ = {isa = PBXBuildFile; fileRef = C4D876382946D63B00DD55D4 /* AVPlayer+Ding.swift */; };
		C4E63B4A293DCC850005E824 /* ThemePicker.swift in Sources */ = {isa = PBXBuildFile; fileRef = C4E63B49293DCC850005E824 /* ThemePicker.swift */; };
		C4FB8815293F0CD0007786DD /* MeetingHeaderView.swift in Sources */ = {isa = PBXBuildFile; fileRef = C4FB8814293F0CD0007786DD /* MeetingHeaderView.swift */; };
		C4FB8817293F2171007786DD /* ScrumProgressViewStyle.swift in Sources */ = {isa = PBXBuildFile; fileRef = C4FB8816293F2171007786DD /* ScrumProgressViewStyle.swift */; };
		C4FB8819293F29BF007786DD /* ScrumTimer.swift in Sources */ = {isa = PBXBuildFile; fileRef = C4FB8818293F29BF007786DD /* ScrumTimer.swift */; };
/* End PBXBuildFile section */

/* Begin PBXFileReference section */
		C418A6FD2922335700E9EF1D /* Scrumdinger.app */ = {isa = PBXFileReference; explicitFileType = wrapper.application; includeInIndex = 0; path = Scrumdinger.app; sourceTree = BUILT_PRODUCTS_DIR; };
		C418A7002922335700E9EF1D /* ScrumdingerApp.swift */ = {isa = PBXFileReference; lastKnownFileType = sourcecode.swift; path = ScrumdingerApp.swift; sourceTree = "<group>"; };
		C418A7022922335700E9EF1D /* MeetingView.swift */ = {isa = PBXFileReference; lastKnownFileType = sourcecode.swift; path = MeetingView.swift; sourceTree = "<group>"; };
		C418A7042922335900E9EF1D /* Assets.xcassets */ = {isa = PBXFileReference; lastKnownFileType = folder.assetcatalog; path = Assets.xcassets; sourceTree = "<group>"; };
		C418A7072922335900E9EF1D /* Preview Assets.xcassets */ = {isa = PBXFileReference; lastKnownFileType = folder.assetcatalog; path = "Preview Assets.xcassets"; sourceTree = "<group>"; };
		C41E7A9F293D992700BFD73E /* ThemeView.swift */ = {isa = PBXFileReference; lastKnownFileType = sourcecode.swift; path = ThemeView.swift; sourceTree = "<group>"; };
		C471DC902926209C00CC99F3 /* Theme.swift */ = {isa = PBXFileReference; lastKnownFileType = sourcecode.swift; path = Theme.swift; sourceTree = "<group>"; };
		C471DC922926F8BE00CC99F3 /* DailyScrum.swift */ = {isa = PBXFileReference; lastKnownFileType = sourcecode.swift; path = DailyScrum.swift; sourceTree = "<group>"; };
		C471DC942926FB8E00CC99F3 /* CardView.swift */ = {isa = PBXFileReference; lastKnownFileType = sourcecode.swift; path = CardView.swift; sourceTree = "<group>"; };
		C471DC962927236B00CC99F3 /* TrailingIconLabelStyle.swift */ = {isa = PBXFileReference; lastKnownFileType = sourcecode.swift; path = TrailingIconLabelStyle.swift; sourceTree = "<group>"; };
		C471DC9A2927576700CC99F3 /* ScrumsView.swift */ = {isa = PBXFileReference; lastKnownFileType = sourcecode.swift; path = ScrumsView.swift; sourceTree = "<group>"; };
		C471DC9C293744D700CC99F3 /* DetailView.swift */ = {isa = PBXFileReference; lastKnownFileType = sourcecode.swift; path = DetailView.swift; sourceTree = "<group>"; };
		C471DC9E2939B0DE00CC99F3 /* DetailEditView.swift */ = {isa = PBXFileReference; lastKnownFileType = sourcecode.swift; path = DetailEditView.swift; sourceTree = "<group>"; };
		C49CB40E2946DDF00049073F /* ding.wav */ = {isa = PBXFileReference; lastKnownFileType = audio.wav; path = ding.wav; sourceTree = "<group>"; };
		C4D37B0A294C32E800440E8B /* History.swift */ = {isa = PBXFileReference; lastKnownFileType = sourcecode.swift; path = History.swift; sourceTree = "<group>"; };
		C4D37B0C294C557700440E8B /* ScrumStore.swift */ = {isa = PBXFileReference; lastKnownFileType = sourcecode.swift; path = ScrumStore.swift; sourceTree = "<group>"; };
		C4D876362946C08600DD55D4 /* MeetingFooterView.swift */ = {isa = PBXFileReference; lastKnownFileType = sourcecode.swift; path = MeetingFooterView.swift; sourceTree = "<group>"; };
		C4D876382946D63B00DD55D4 /* AVPlayer+Ding.swift */ = {isa = PBXFileReference; lastKnownFileType = sourcecode.swift; path = "AVPlayer+Ding.swift"; sourceTree = "<group>"; };
		C4E63B49293DCC850005E824 /* ThemePicker.swift */ = {isa = PBXFileReference; lastKnownFileType = sourcecode.swift; path = ThemePicker.swift; sourceTree = "<group>"; };
		C4FB8814293F0CD0007786DD /* MeetingHeaderView.swift */ = {isa = PBXFileReference; lastKnownFileType = sourcecode.swift; path = MeetingHeaderView.swift; sourceTree = "<group>"; };
		C4FB8816293F2171007786DD /* ScrumProgressViewStyle.swift */ = {isa = PBXFileReference; lastKnownFileType = sourcecode.swift; path = ScrumProgressViewStyle.swift; sourceTree = "<group>"; };
		C4FB8818293F29BF007786DD /* ScrumTimer.swift */ = {isa = PBXFileReference; lastKnownFileType = sourcecode.swift; path = ScrumTimer.swift; sourceTree = "<group>"; };
/* End PBXFileReference section */

/* Begin PBXFrameworksBuildPhase section */
		C418A6FA2922335700E9EF1D /* Frameworks */ = {
			isa = PBXFrameworksBuildPhase;
			buildActionMask = 2147483647;
			files = (
			);
			runOnlyForDeploymentPostprocessing = 0;
		};
/* End PBXFrameworksBuildPhase section */

/* Begin PBXGroup section */
		C418A6F42922335700E9EF1D = {
			isa = PBXGroup;
			children = (
				C418A6FF2922335700E9EF1D /* Scrumdinger */,
				C418A6FE2922335700E9EF1D /* Products */,
			);
			sourceTree = "<group>";
		};
		C418A6FE2922335700E9EF1D /* Products */ = {
			isa = PBXGroup;
			children = (
				C418A6FD2922335700E9EF1D /* Scrumdinger.app */,
			);
			name = Products;
			sourceTree = "<group>";
		};
		C418A6FF2922335700E9EF1D /* Scrumdinger */ = {
			isa = PBXGroup;
			children = (
				C49CB41529470FD60049073F /* Resources */,
				C471DC8F2926207500CC99F3 /* Models */,
				C418A7002922335700E9EF1D /* ScrumdingerApp.swift */,
				C471DC9A2927576700CC99F3 /* ScrumsView.swift */,
				C471DC9C293744D700CC99F3 /* DetailView.swift */,
				C471DC9E2939B0DE00CC99F3 /* DetailEditView.swift */,
				C41E7A9F293D992700BFD73E /* ThemeView.swift */,
				C418A7022922335700E9EF1D /* MeetingView.swift */,
				C4D876362946C08600DD55D4 /* MeetingFooterView.swift */,
				C4FB8814293F0CD0007786DD /* MeetingHeaderView.swift */,
				C4FB8816293F2171007786DD /* ScrumProgressViewStyle.swift */,
				C4E63B49293DCC850005E824 /* ThemePicker.swift */,
				C471DC942926FB8E00CC99F3 /* CardView.swift */,
				C471DC962927236B00CC99F3 /* TrailingIconLabelStyle.swift */,
				C418A7042922335900E9EF1D /* Assets.xcassets */,
				C418A7062922335900E9EF1D /* Preview Content */,
			);
			path = Scrumdinger;
			sourceTree = "<group>";
		};
		C418A7062922335900E9EF1D /* Preview Content */ = {
			isa = PBXGroup;
			children = (
				C418A7072922335900E9EF1D /* Preview Assets.xcassets */,
			);
			path = "Preview Content";
			sourceTree = "<group>";
		};
		C471DC8F2926207500CC99F3 /* Models */ = {
			isa = PBXGroup;
			children = (
				C4D37B0A294C32E800440E8B /* History.swift */,
				C4FB8818293F29BF007786DD /* ScrumTimer.swift */,
				C471DC902926209C00CC99F3 /* Theme.swift */,
				C471DC922926F8BE00CC99F3 /* DailyScrum.swift */,
				C4D37B0C294C557700440E8B /* ScrumStore.swift */,
				C4D876382946D63B00DD55D4 /* AVPlayer+Ding.swift */,
			);
			path = Models;
			sourceTree = "<group>";
		};
		C49CB41529470FD60049073F /* Resources */ = {
			isa = PBXGroup;
			children = (
				C49CB40E2946DDF00049073F /* ding.wav */,
			);
			path = Resources;
			sourceTree = "<group>";
		};
/* End PBXGroup section */

/* Begin PBXNativeTarget section */
		C418A6FC2922335700E9EF1D /* Scrumdinger */ = {
			isa = PBXNativeTarget;
			buildConfigurationList = C418A70B2922335900E9EF1D /* Build configuration list for PBXNativeTarget "Scrumdinger" */;
			buildPhases = (
				C418A6F92922335700E9EF1D /* Sources */,
				C418A6FA2922335700E9EF1D /* Frameworks */,
				C418A6FB2922335700E9EF1D /* Resources */,
			);
			buildRules = (
			);
			dependencies = (
			);
			name = Scrumdinger;
			productName = Scrumdinger;
			productReference = C418A6FD2922335700E9EF1D /* Scrumdinger.app */;
			productType = "com.apple.product-type.application";
		};
/* End PBXNativeTarget section */

/* Begin PBXProject section */
		C418A6F52922335700E9EF1D /* Project object */ = {
			isa = PBXProject;
			attributes = {
				BuildIndependentTargetsInParallel = 1;
				LastSwiftUpdateCheck = 1410;
				LastUpgradeCheck = 1410;
				TargetAttributes = {
					C418A6FC2922335700E9EF1D = {
						CreatedOnToolsVersion = 14.1;
					};
				};
			};
			buildConfigurationList = C418A6F82922335700E9EF1D /* Build configuration list for PBXProject "Scrumdinger" */;
			compatibilityVersion = "Xcode 14.0";
			developmentRegion = en;
			hasScannedForEncodings = 0;
			knownRegions = (
				en,
				Base,
			);
			mainGroup = C418A6F42922335700E9EF1D;
			productRefGroup = C418A6FE2922335700E9EF1D /* Products */;
			projectDirPath = "";
			projectRoot = "";
			targets = (
				C418A6FC2922335700E9EF1D /* Scrumdinger */,
			);
		};
/* End PBXProject section */

/* Begin PBXResourcesBuildPhase section */
		C418A6FB2922335700E9EF1D /* Resources */ = {
			isa = PBXResourcesBuildPhase;
			buildActionMask = 2147483647;
			files = (
				C49CB40F2946DDF00049073F /* ding.wav in Resources */,
				C418A7082922335900E9EF1D /* Preview Assets.xcassets in Resources */,
				C418A7052922335900E9EF1D /* Assets.xcassets in Resources */,
			);
			runOnlyForDeploymentPostprocessing = 0;
		};
/* End PBXResourcesBuildPhase section */

/* Begin PBXSourcesBuildPhase section */
		C418A6F92922335700E9EF1D /* Sources */ = {
			isa = PBXSourcesBuildPhase;
			buildActionMask = 2147483647;
			files = (
				C4D37B0B294C32E800440E8B /* History.swift in Sources */,
				C4E63B4A293DCC850005E824 /* ThemePicker.swift in Sources */,
				C4FB8817293F2171007786DD /* ScrumProgressViewStyle.swift in Sources */,
				C4D876372946C08600DD55D4 /* MeetingFooterView.swift in Sources */,
				C4D37B0D294C557700440E8B /* ScrumStore.swift in Sources */,
				C4FB8819293F29BF007786DD /* ScrumTimer.swift in Sources */,
				C471DC952926FB8E00CC99F3 /* CardView.swift in Sources */,
				C471DC972927236B00CC99F3 /* TrailingIconLabelStyle.swift in Sources */,
				C4FB8815293F0CD0007786DD /* MeetingHeaderView.swift in Sources */,
				C471DC9F2939B0DE00CC99F3 /* DetailEditView.swift in Sources */,
				C471DC932926F8BE00CC99F3 /* DailyScrum.swift in Sources */,
				C471DC9B2927576700CC99F3 /* ScrumsView.swift in Sources */,
				C471DC912926209C00CC99F3 /* Theme.swift in Sources */,
				C471DC9D293744D700CC99F3 /* DetailView.swift in Sources */,
				C418A7032922335700E9EF1D /* MeetingView.swift in Sources */,
				C41E7AA0293D992700BFD73E /* ThemeView.swift in Sources */,
				C418A7012922335700E9EF1D /* ScrumdingerApp.swift in Sources */,
				C4D876392946D63B00DD55D4 /* AVPlayer+Ding.swift in Sources */,
			);
			runOnlyForDeploymentPostprocessing = 0;
		};
/* End PBXSourcesBuildPhase section */

/* Begin XCBuildConfiguration section */
		C418A7092922335900E9EF1D /* Debug */ = {
			isa = XCBuildConfiguration;
			buildSettings = {
				ALWAYS_SEARCH_USER_PATHS = NO;
				CLANG_ANALYZER_NONNULL = YES;
				CLANG_ANALYZER_NUMBER_OBJECT_CONVERSION = YES_AGGRESSIVE;
				CLANG_CXX_LANGUAGE_STANDARD = "gnu++20";
				CLANG_ENABLE_MODULES = YES;
				CLANG_ENABLE_OBJC_ARC = YES;
				CLANG_ENABLE_OBJC_WEAK = YES;
				CLANG_WARN_BLOCK_CAPTURE_AUTORELEASING = YES;
				CLANG_WARN_BOOL_CONVERSION = YES;
				CLANG_WARN_COMMA = YES;
				CLANG_WARN_CONSTANT_CONVERSION = YES;
				CLANG_WARN_DEPRECATED_OBJC_IMPLEMENTATIONS = YES;
				CLANG_WARN_DIRECT_OBJC_ISA_USAGE = YES_ERROR;
				CLANG_WARN_DOCUMENTATION_COMMENTS = YES;
				CLANG_WARN_EMPTY_BODY = YES;
				CLANG_WARN_ENUM_CONVERSION = YES;
				CLANG_WARN_INFINITE_RECURSION = YES;
				CLANG_WARN_INT_CONVERSION = YES;
				CLANG_WARN_NON_LITERAL_NULL_CONVERSION = YES;
				CLANG_WARN_OBJC_IMPLICIT_RETAIN_SELF = YES;
				CLANG_WARN_OBJC_LITERAL_CONVERSION = YES;
				CLANG_WARN_OBJC_ROOT_CLASS = YES_ERROR;
				CLANG_WARN_QUOTED_INCLUDE_IN_FRAMEWORK_HEADER = YES;
				CLANG_WARN_RANGE_LOOP_ANALYSIS = YES;
				CLANG_WARN_STRICT_PROTOTYPES = YES;
				CLANG_WARN_SUSPICIOUS_MOVE = YES;
				CLANG_WARN_UNGUARDED_AVAILABILITY = YES_AGGRESSIVE;
				CLANG_WARN_UNREACHABLE_CODE = YES;
				CLANG_WARN__DUPLICATE_METHOD_MATCH = YES;
				COPY_PHASE_STRIP = NO;
				DEBUG_INFORMATION_FORMAT = dwarf;
				ENABLE_STRICT_OBJC_MSGSEND = YES;
				ENABLE_TESTABILITY = YES;
				GCC_C_LANGUAGE_STANDARD = gnu11;
				GCC_DYNAMIC_NO_PIC = NO;
				GCC_NO_COMMON_BLOCKS = YES;
				GCC_OPTIMIZATION_LEVEL = 0;
				GCC_PREPROCESSOR_DEFINITIONS = (
					"DEBUG=1",
					"$(inherited)",
				);
				GCC_WARN_64_TO_32_BIT_CONVERSION = YES;
				GCC_WARN_ABOUT_RETURN_TYPE = YES_ERROR;
				GCC_WARN_UNDECLARED_SELECTOR = YES;
				GCC_WARN_UNINITIALIZED_AUTOS = YES_AGGRESSIVE;
				GCC_WARN_UNUSED_FUNCTION = YES;
				GCC_WARN_UNUSED_VARIABLE = YES;
				IPHONEOS_DEPLOYMENT_TARGET = 16.1;
				MTL_ENABLE_DEBUG_INFO = INCLUDE_SOURCE;
				MTL_FAST_MATH = YES;
				ONLY_ACTIVE_ARCH = YES;
				SDKROOT = iphoneos;
				SWIFT_ACTIVE_COMPILATION_CONDITIONS = DEBUG;
				SWIFT_OPTIMIZATION_LEVEL = "-Onone";
			};
			name = Debug;
		};
		C418A70A2922335900E9EF1D /* Release */ = {
			isa = XCBuildConfiguration;
			buildSettings = {
				ALWAYS_SEARCH_USER_PATHS = NO;
				CLANG_ANALYZER_NONNULL = YES;
				CLANG_ANALYZER_NUMBER_OBJECT_CONVERSION = YES_AGGRESSIVE;
				CLANG_CXX_LANGUAGE_STANDARD = "gnu++20";
				CLANG_ENABLE_MODULES = YES;
				CLANG_ENABLE_OBJC_ARC = YES;
				CLANG_ENABLE_OBJC_WEAK = YES;
				CLANG_WARN_BLOCK_CAPTURE_AUTORELEASING = YES;
				CLANG_WARN_BOOL_CONVERSION = YES;
				CLANG_WARN_COMMA = YES;
				CLANG_WARN_CONSTANT_CONVERSION = YES;
				CLANG_WARN_DEPRECATED_OBJC_IMPLEMENTATIONS = YES;
				CLANG_WARN_DIRECT_OBJC_ISA_USAGE = YES_ERROR;
				CLANG_WARN_DOCUMENTATION_COMMENTS = YES;
				CLANG_WARN_EMPTY_BODY = YES;
				CLANG_WARN_ENUM_CONVERSION = YES;
				CLANG_WARN_INFINITE_RECURSION = YES;
				CLANG_WARN_INT_CONVERSION = YES;
				CLANG_WARN_NON_LITERAL_NULL_CONVERSION = YES;
				CLANG_WARN_OBJC_IMPLICIT_RETAIN_SELF = YES;
				CLANG_WARN_OBJC_LITERAL_CONVERSION = YES;
				CLANG_WARN_OBJC_ROOT_CLASS = YES_ERROR;
				CLANG_WARN_QUOTED_INCLUDE_IN_FRAMEWORK_HEADER = YES;
				CLANG_WARN_RANGE_LOOP_ANALYSIS = YES;
				CLANG_WARN_STRICT_PROTOTYPES = YES;
				CLANG_WARN_SUSPICIOUS_MOVE = YES;
				CLANG_WARN_UNGUARDED_AVAILABILITY = YES_AGGRESSIVE;
				CLANG_WARN_UNREACHABLE_CODE = YES;
				CLANG_WARN__DUPLICATE_METHOD_MATCH = YES;
				COPY_PHASE_STRIP = NO;
				DEBUG_INFORMATION_FORMAT = "dwarf-with-dsym";
				ENABLE_NS_ASSERTIONS = NO;
				ENABLE_STRICT_OBJC_MSGSEND = YES;
				GCC_C_LANGUAGE_STANDARD = gnu11;
				GCC_NO_COMMON_BLOCKS = YES;
				GCC_WARN_64_TO_32_BIT_CONVERSION = YES;
				GCC_WARN_ABOUT_RETURN_TYPE = YES_ERROR;
				GCC_WARN_UNDECLARED_SELECTOR = YES;
				GCC_WARN_UNINITIALIZED_AUTOS = YES_AGGRESSIVE;
				GCC_WARN_UNUSED_FUNCTION = YES;
				GCC_WARN_UNUSED_VARIABLE = YES;
				IPHONEOS_DEPLOYMENT_TARGET = 16.1;
				MTL_ENABLE_DEBUG_INFO = NO;
				MTL_FAST_MATH = YES;
				SDKROOT = iphoneos;
				SWIFT_COMPILATION_MODE = wholemodule;
				SWIFT_OPTIMIZATION_LEVEL = "-O";
				VALIDATE_PRODUCT = YES;
			};
			name = Release;
		};
		C418A70C2922335900E9EF1D /* Debug */ = {
			isa = XCBuildConfiguration;
			buildSettings = {
				ASSETCATALOG_COMPILER_APPICON_NAME = AppIcon;
				ASSETCATALOG_COMPILER_GLOBAL_ACCENT_COLOR_NAME = AccentColor;
				CODE_SIGN_STYLE = Automatic;
				CURRENT_PROJECT_VERSION = 1;
				DEVELOPMENT_ASSET_PATHS = "\"Scrumdinger/Preview Content\"";
				ENABLE_PREVIEWS = YES;
				GENERATE_INFOPLIST_FILE = YES;
				INFOPLIST_KEY_UIApplicationSceneManifest_Generation = YES;
				INFOPLIST_KEY_UIApplicationSupportsIndirectInputEvents = YES;
				INFOPLIST_KEY_UILaunchScreen_Generation = YES;
				INFOPLIST_KEY_UISupportedInterfaceOrientations_iPad = "UIInterfaceOrientationPortrait UIInterfaceOrientationPortraitUpsideDown UIInterfaceOrientationLandscapeLeft UIInterfaceOrientationLandscapeRight";
				INFOPLIST_KEY_UISupportedInterfaceOrientations_iPhone = "UIInterfaceOrientationPortrait UIInterfaceOrientationLandscapeLeft UIInterfaceOrientationLandscapeRight";
				LD_RUNPATH_SEARCH_PATHS = (
					"$(inherited)",
					"@executable_path/Frameworks",
				);
				MARKETING_VERSION = 1.0;
				PRODUCT_BUNDLE_IDENTIFIER = shimba.Scrumdinger;
				PRODUCT_NAME = "$(TARGET_NAME)";
				SWIFT_EMIT_LOC_STRINGS = YES;
				SWIFT_VERSION = 5.0;
				TARGETED_DEVICE_FAMILY = "1,2";
			};
			name = Debug;
		};
		C418A70D2922335900E9EF1D /* Release */ = {
			isa = XCBuildConfiguration;
			buildSettings = {
				ASSETCATALOG_COMPILER_APPICON_NAME = AppIcon;
				ASSETCATALOG_COMPILER_GLOBAL_ACCENT_COLOR_NAME = AccentColor;
				CODE_SIGN_STYLE = Automatic;
				CURRENT_PROJECT_VERSION = 1;
				DEVELOPMENT_ASSET_PATHS = "\"Scrumdinger/Preview Content\"";
				ENABLE_PREVIEWS = YES;
				GENERATE_INFOPLIST_FILE = YES;
				INFOPLIST_KEY_UIApplicationSceneManifest_Generation = YES;
				INFOPLIST_KEY_UIApplicationSupportsIndirectInputEvents = YES;
				INFOPLIST_KEY_UILaunchScreen_Generation = YES;
				INFOPLIST_KEY_UISupportedInterfaceOrientations_iPad = "UIInterfaceOrientationPortrait UIInterfaceOrientationPortraitUpsideDown UIInterfaceOrientationLandscapeLeft UIInterfaceOrientationLandscapeRight";
				INFOPLIST_KEY_UISupportedInterfaceOrientations_iPhone = "UIInterfaceOrientationPortrait UIInterfaceOrientationLandscapeLeft UIInterfaceOrientationLandscapeRight";
				LD_RUNPATH_SEARCH_PATHS = (
					"$(inherited)",
					"@executable_path/Frameworks",
				);
				MARKETING_VERSION = 1.0;
				PRODUCT_BUNDLE_IDENTIFIER = shimba.Scrumdinger;
				PRODUCT_NAME = "$(TARGET_NAME)";
				SWIFT_EMIT_LOC_STRINGS = YES;
				SWIFT_VERSION = 5.0;
				TARGETED_DEVICE_FAMILY = "1,2";
			};
			name = Release;
		};
/* End XCBuildConfiguration section */

/* Begin XCConfigurationList section */
		C418A6F82922335700E9EF1D /* Build configuration list for PBXProject "Scrumdinger" */ = {
			isa = XCConfigurationList;
			buildConfigurations = (
				C418A7092922335900E9EF1D /* Debug */,
				C418A70A2922335900E9EF1D /* Release */,
			);
			defaultConfigurationIsVisible = 0;
			defaultConfigurationName = Release;
		};
		C418A70B2922335900E9EF1D /* Build configuration list for PBXNativeTarget "Scrumdinger" */ = {
			isa = XCConfigurationList;
			buildConfigurations = (
				C418A70C2922335900E9EF1D /* Debug */,
				C418A70D2922335900E9EF1D /* Release */,
			);
			defaultConfigurationIsVisible = 0;
			defaultConfigurationName = Release;
		};
/* End XCConfigurationList section */
	};
	rootObject = C418A6F52922335700E9EF1D /* Project object */;
}
